
Microsoft Visual Studio Solution File, Format Version 12.00
# Visual Studio Version 17
VisualStudioVersion = 17.1.32414.318
MinimumVisualStudioVersion = 10.0.40219.1
Project("{FAE04EC0-301F-11D3-BF4B-00C04F79EFBC}") = "sopping cart", "sopping cart.csproj", "{9F9C8031-E036-404B-8CBC-5D40E774A0F7}"
EndProject
Global
	GlobalSection(SolutionConfigurationPlatforms) = preSolution
		Debug|Any CPU = Debug|Any CPU
		Release|Any CPU = Release|Any CPU
	EndGlobalSection
	GlobalSection(ProjectConfigurationPlatforms) = postSolution
		{9F9C8031-E036-404B-8CBC-5D40E774A0F7}.Debug|Any CPU.ActiveCfg = Debug|Any CPU
		{9F9C8031-E036-404B-8CBC-5D40E774A0F7}.Debug|Any CPU.Build.0 = Debug|Any CPU
		{9F9C8031-E036-404B-8CBC-5D40E774A0F7}.Release|Any CPU.ActiveCfg = Release|Any CPU
		{9F9C8031-E036-404B-8CBC-5D40E774A0F7}.Release|Any CPU.Build.0 = Release|Any CPU
	EndGlobalSection
	GlobalSection(SolutionProperties) = preSolution
		HideSolutionNode = FALSE
	EndGlobalSection
	GlobalSection(ExtensibilityGlobals) = postSolution
		SolutionGuid = {178A02A6-B7F5-4CB7-B5A5-3F8DABCA1E10}
	EndGlobalSection
EndGlobal
